// !$*UTF8*$!
{
	archiveVersion = 1;
	classes = {
	};
	objectVersion = 56;
	objects = {

/* Begin PBXBuildFile section */
		DA41CF1F294EE44900CE7275 /* PongActivity.swift in Sources */ = {isa = PBXBuildFile; fileRef = DA41CF1E294EE44900CE7275 /* PongActivity.swift */; };
		DA41CF22294EE57100CE7275 /* PongActivityController.swift in Sources */ = {isa = PBXBuildFile; fileRef = DA41CF21294EE57100CE7275 /* PongActivityController.swift */; };
		DA78AA15295B9B3C00B5B514 /* GameStateController.swift in Sources */ = {isa = PBXBuildFile; fileRef = DA78AA14295B9B3C00B5B514 /* GameStateController.swift */; };
		DA9F94852943D24900595940 /* PongApp.swift in Sources */ = {isa = PBXBuildFile; fileRef = DA9F94842943D24900595940 /* PongApp.swift */; };
		DA9F94872943D24900595940 /* GameViewGroupActivityTest.swift in Sources */ = {isa = PBXBuildFile; fileRef = DA9F94862943D24900595940 /* GameViewGroupActivityTest.swift */; };
		DA9F94892943D24B00595940 /* Assets.xcassets in Resources */ = {isa = PBXBuildFile; fileRef = DA9F94882943D24B00595940 /* Assets.xcassets */; };
		DA9F948C2943D24B00595940 /* Preview Assets.xcassets in Resources */ = {isa = PBXBuildFile; fileRef = DA9F948B2943D24B00595940 /* Preview Assets.xcassets */; };
		DAD3AB21295EDAFA0000470C /* JoinToPlayView.swift in Sources */ = {isa = PBXBuildFile; fileRef = DAD3AB20295EDAFA0000470C /* JoinToPlayView.swift */; };
		DAD3AB24295EDC4C0000470C /* ActivitySharingViewController.swift in Sources */ = {isa = PBXBuildFile; fileRef = DAD3AB23295EDC4C0000470C /* ActivitySharingViewController.swift */; };
		DAD4F05B2962449A00B88CC2 /* GameStateMessage.swift in Sources */ = {isa = PBXBuildFile; fileRef = DAD4F05A2962449A00B88CC2 /* GameStateMessage.swift */; };
		DADC0D762944CBF000B490EE /* GameLogic.swift in Sources */ = {isa = PBXBuildFile; fileRef = DADC0D752944CBF000B490EE /* GameLogic.swift */; };
		DADC0D782944D17100B490EE /* GameScore.swift in Sources */ = {isa = PBXBuildFile; fileRef = DADC0D772944D17100B490EE /* GameScore.swift */; };
		DADC0D7A2944D1AD00B490EE /* GameObject.swift in Sources */ = {isa = PBXBuildFile; fileRef = DADC0D792944D1AD00B490EE /* GameObject.swift */; };
		DADC0D8429466EE500B490EE /* CGPoint+Arithmetic.swift in Sources */ = {isa = PBXBuildFile; fileRef = DADC0D8329466EE500B490EE /* CGPoint+Arithmetic.swift */; };
		DADC0D882946735800B490EE /* GameViewModel.swift in Sources */ = {isa = PBXBuildFile; fileRef = DADC0D872946735800B490EE /* GameViewModel.swift */; };
		DADC0D8B2946764900B490EE /* GameObject+Canvas.swift in Sources */ = {isa = PBXBuildFile; fileRef = DADC0D8A2946764900B490EE /* GameObject+Canvas.swift */; };
		DADC0D8D2946796900B490EE /* GameViewModel+Draw.swift in Sources */ = {isa = PBXBuildFile; fileRef = DADC0D8C2946796900B490EE /* GameViewModel+Draw.swift */; };
		DADC0D8F2947D3D700B490EE /* GameObject+Collisions.swift in Sources */ = {isa = PBXBuildFile; fileRef = DADC0D8E2947D3D700B490EE /* GameObject+Collisions.swift */; };
		DADC0D93294854ED00B490EE /* Wall.swift in Sources */ = {isa = PBXBuildFile; fileRef = DADC0D92294854ED00B490EE /* Wall.swift */; };
		F56076B5297AC4D4009645F1 /* Factory+GroupActivity.swift in Sources */ = {isa = PBXBuildFile; fileRef = F56076B4297AC4D4009645F1 /* Factory+GroupActivity.swift */; };
		F56076BA297AEC4D009645F1 /* LocalGameController.swift in Sources */ = {isa = PBXBuildFile; fileRef = F56076B9297AEC4D009645F1 /* LocalGameController.swift */; };
		F56076BD297AED2D009645F1 /* Factory.swift in Sources */ = {isa = PBXBuildFile; fileRef = F56076BC297AED2D009645F1 /* Factory.swift */; };
		F56076C2297AEDB4009645F1 /* Factory+Local.swift in Sources */ = {isa = PBXBuildFile; fileRef = F56076C1297AEDB4009645F1 /* Factory+Local.swift */; };
		F56076C4297AEE91009645F1 /* Factory+GroupActivityTest.swift in Sources */ = {isa = PBXBuildFile; fileRef = F56076C3297AEE91009645F1 /* Factory+GroupActivityTest.swift */; };
		F5BC0B762966F9980065AD62 /* Interfaces.swift in Sources */ = {isa = PBXBuildFile; fileRef = F5BC0B752966F9980065AD62 /* Interfaces.swift */; };
		F5D64C4129766EBA0066EAF5 /* GameView.swift in Sources */ = {isa = PBXBuildFile; fileRef = F5D64C4029766EBA0066EAF5 /* GameView.swift */; };
		F5D64C46297671F90066EAF5 /* GroupActivity+Mock.swift in Sources */ = {isa = PBXBuildFile; fileRef = F5D64C45297671F90066EAF5 /* GroupActivity+Mock.swift */; };
		F5D64C48297672230066EAF5 /* GroupActivity+Live.swift in Sources */ = {isa = PBXBuildFile; fileRef = F5D64C47297672230066EAF5 /* GroupActivity+Live.swift */; };
		F5D64C4A297672F20066EAF5 /* GameUpdateMessage.swift in Sources */ = {isa = PBXBuildFile; fileRef = F5D64C49297672F20066EAF5 /* GameUpdateMessage.swift */; };
/* End PBXBuildFile section */

/* Begin PBXFileReference section */
		DA41CF1E294EE44900CE7275 /* PongActivity.swift */ = {isa = PBXFileReference; lastKnownFileType = sourcecode.swift; path = PongActivity.swift; sourceTree = "<group>"; };
		DA41CF20294EE47400CE7275 /* Pong.entitlements */ = {isa = PBXFileReference; lastKnownFileType = text.plist.entitlements; path = Pong.entitlements; sourceTree = "<group>"; };
		DA41CF21294EE57100CE7275 /* PongActivityController.swift */ = {isa = PBXFileReference; lastKnownFileType = sourcecode.swift; path = PongActivityController.swift; sourceTree = "<group>"; };
		DA78AA14295B9B3C00B5B514 /* GameStateController.swift */ = {isa = PBXFileReference; lastKnownFileType = sourcecode.swift; path = GameStateController.swift; sourceTree = "<group>"; };
		DA9F94812943D24900595940 /* Pong.app */ = {isa = PBXFileReference; explicitFileType = wrapper.application; includeInIndex = 0; path = Pong.app; sourceTree = BUILT_PRODUCTS_DIR; };
		DA9F94842943D24900595940 /* PongApp.swift */ = {isa = PBXFileReference; lastKnownFileType = sourcecode.swift; path = PongApp.swift; sourceTree = "<group>"; };
		DA9F94862943D24900595940 /* GameViewGroupActivityTest.swift */ = {isa = PBXFileReference; lastKnownFileType = sourcecode.swift; path = GameViewGroupActivityTest.swift; sourceTree = "<group>"; };
		DA9F94882943D24B00595940 /* Assets.xcassets */ = {isa = PBXFileReference; lastKnownFileType = folder.assetcatalog; path = Assets.xcassets; sourceTree = "<group>"; };
		DA9F948B2943D24B00595940 /* Preview Assets.xcassets */ = {isa = PBXFileReference; lastKnownFileType = folder.assetcatalog; path = "Preview Assets.xcassets"; sourceTree = "<group>"; };
		DAD3AB20295EDAFA0000470C /* JoinToPlayView.swift */ = {isa = PBXFileReference; lastKnownFileType = sourcecode.swift; path = JoinToPlayView.swift; sourceTree = "<group>"; };
		DAD3AB23295EDC4C0000470C /* ActivitySharingViewController.swift */ = {isa = PBXFileReference; lastKnownFileType = sourcecode.swift; path = ActivitySharingViewController.swift; sourceTree = "<group>"; };
		DAD4F05A2962449A00B88CC2 /* GameStateMessage.swift */ = {isa = PBXFileReference; lastKnownFileType = sourcecode.swift; path = GameStateMessage.swift; sourceTree = "<group>"; };
		DADC0D752944CBF000B490EE /* GameLogic.swift */ = {isa = PBXFileReference; lastKnownFileType = sourcecode.swift; path = GameLogic.swift; sourceTree = "<group>"; };
		DADC0D772944D17100B490EE /* GameScore.swift */ = {isa = PBXFileReference; lastKnownFileType = sourcecode.swift; path = GameScore.swift; sourceTree = "<group>"; };
		DADC0D792944D1AD00B490EE /* GameObject.swift */ = {isa = PBXFileReference; lastKnownFileType = sourcecode.swift; path = GameObject.swift; sourceTree = "<group>"; };
		DADC0D8329466EE500B490EE /* CGPoint+Arithmetic.swift */ = {isa = PBXFileReference; lastKnownFileType = sourcecode.swift; path = "CGPoint+Arithmetic.swift"; sourceTree = "<group>"; };
		DADC0D872946735800B490EE /* GameViewModel.swift */ = {isa = PBXFileReference; lastKnownFileType = sourcecode.swift; path = GameViewModel.swift; sourceTree = "<group>"; };
		DADC0D8A2946764900B490EE /* GameObject+Canvas.swift */ = {isa = PBXFileReference; lastKnownFileType = sourcecode.swift; path = "GameObject+Canvas.swift"; sourceTree = "<group>"; };
		DADC0D8C2946796900B490EE /* GameViewModel+Draw.swift */ = {isa = PBXFileReference; lastKnownFileType = sourcecode.swift; path = "GameViewModel+Draw.swift"; sourceTree = "<group>"; };
		DADC0D8E2947D3D700B490EE /* GameObject+Collisions.swift */ = {isa = PBXFileReference; lastKnownFileType = sourcecode.swift; path = "GameObject+Collisions.swift"; sourceTree = "<group>"; };
		DADC0D92294854ED00B490EE /* Wall.swift */ = {isa = PBXFileReference; lastKnownFileType = sourcecode.swift; path = Wall.swift; sourceTree = "<group>"; };
		F56076B4297AC4D4009645F1 /* Factory+GroupActivity.swift */ = {isa = PBXFileReference; lastKnownFileType = sourcecode.swift; path = "Factory+GroupActivity.swift"; sourceTree = "<group>"; };
		F56076B9297AEC4D009645F1 /* LocalGameController.swift */ = {isa = PBXFileReference; lastKnownFileType = sourcecode.swift; path = LocalGameController.swift; sourceTree = "<group>"; };
		F56076BC297AED2D009645F1 /* Factory.swift */ = {isa = PBXFileReference; lastKnownFileType = sourcecode.swift; path = Factory.swift; sourceTree = "<group>"; };
		F56076C1297AEDB4009645F1 /* Factory+Local.swift */ = {isa = PBXFileReference; lastKnownFileType = sourcecode.swift; path = "Factory+Local.swift"; sourceTree = "<group>"; };
		F56076C3297AEE91009645F1 /* Factory+GroupActivityTest.swift */ = {isa = PBXFileReference; lastKnownFileType = sourcecode.swift; path = "Factory+GroupActivityTest.swift"; sourceTree = "<group>"; };
		F5BC0B752966F9980065AD62 /* Interfaces.swift */ = {isa = PBXFileReference; lastKnownFileType = sourcecode.swift; path = Interfaces.swift; sourceTree = "<group>"; };
		F5D64C4029766EBA0066EAF5 /* GameView.swift */ = {isa = PBXFileReference; lastKnownFileType = sourcecode.swift; path = GameView.swift; sourceTree = "<group>"; };
		F5D64C45297671F90066EAF5 /* GroupActivity+Mock.swift */ = {isa = PBXFileReference; lastKnownFileType = sourcecode.swift; path = "GroupActivity+Mock.swift"; sourceTree = "<group>"; };
		F5D64C47297672230066EAF5 /* GroupActivity+Live.swift */ = {isa = PBXFileReference; lastKnownFileType = sourcecode.swift; path = "GroupActivity+Live.swift"; sourceTree = "<group>"; };
		F5D64C49297672F20066EAF5 /* GameUpdateMessage.swift */ = {isa = PBXFileReference; lastKnownFileType = sourcecode.swift; path = GameUpdateMessage.swift; sourceTree = "<group>"; };
/* End PBXFileReference section */

/* Begin PBXFrameworksBuildPhase section */
		DA9F947E2943D24900595940 /* Frameworks */ = {
			isa = PBXFrameworksBuildPhase;
			buildActionMask = 2147483647;
			files = (
			);
			runOnlyForDeploymentPostprocessing = 0;
		};
/* End PBXFrameworksBuildPhase section */

/* Begin PBXGroup section */
		DA41CF1D294EE42100CE7275 /* Group activity */ = {
			isa = PBXGroup;
			children = (
				F5D64C422976719A0066EAF5 /* Group Activity */,
				DAD4F0592962447200B88CC2 /* Messages */,
				DA41CF21294EE57100CE7275 /* PongActivityController.swift */,
			);
			path = "Group activity";
			sourceTree = "<group>";
		};
		DA9F94782943D24900595940 = {
			isa = PBXGroup;
			children = (
				DA9F94832943D24900595940 /* Pong */,
				DA9F94822943D24900595940 /* Products */,
			);
			sourceTree = "<group>";
		};
		DA9F94822943D24900595940 /* Products */ = {
			isa = PBXGroup;
			children = (
				DA9F94812943D24900595940 /* Pong.app */,
			);
			name = Products;
			sourceTree = "<group>";
		};
		DA9F94832943D24900595940 /* Pong */ = {
			isa = PBXGroup;
			children = (
				DA41CF20294EE47400CE7275 /* Pong.entitlements */,
				DA41CF1D294EE42100CE7275 /* Group activity */,
				DADC0D902947D3E900B490EE /* Game logic */,
				DADC0D862946733900B490EE /* ViewModel */,
				DADC0D852946731100B490EE /* View */,
				F56076B3297AC4BC009645F1 /* Factory */,
				DADC0D8229466EB500B490EE /* Extensions */,
				DA9F94882943D24B00595940 /* Assets.xcassets */,
				DA9F948A2943D24B00595940 /* Preview Content */,
			);
			path = Pong;
			sourceTree = "<group>";
		};
		DA9F948A2943D24B00595940 /* Preview Content */ = {
			isa = PBXGroup;
			children = (
				DA9F948B2943D24B00595940 /* Preview Assets.xcassets */,
			);
			path = "Preview Content";
			sourceTree = "<group>";
		};
		DAD3AB22295EDC3D0000470C /* Group Activity */ = {
			isa = PBXGroup;
			children = (
				DAD3AB23295EDC4C0000470C /* ActivitySharingViewController.swift */,
			);
			path = "Group Activity";
			sourceTree = "<group>";
		};
		DAD4F0592962447200B88CC2 /* Messages */ = {
			isa = PBXGroup;
			children = (
				DAD4F05A2962449A00B88CC2 /* GameStateMessage.swift */,
				F5D64C49297672F20066EAF5 /* GameUpdateMessage.swift */,
			);
			path = Messages;
			sourceTree = "<group>";
		};
		DADC0D8229466EB500B490EE /* Extensions */ = {
			isa = PBXGroup;
			children = (
				DADC0D8329466EE500B490EE /* CGPoint+Arithmetic.swift */,
			);
			path = Extensions;
			sourceTree = "<group>";
		};
		DADC0D852946731100B490EE /* View */ = {
			isa = PBXGroup;
			children = (
				F5D64C4C297674A50066EAF5 /* GameView */,
				DA9F94862943D24900595940 /* GameViewGroupActivityTest.swift */,
				DA9F94842943D24900595940 /* PongApp.swift */,
			);
			path = View;
			sourceTree = "<group>";
		};
		DADC0D862946733900B490EE /* ViewModel */ = {
			isa = PBXGroup;
			children = (
				DADC0D872946735800B490EE /* GameViewModel.swift */,
			);
			path = ViewModel;
			sourceTree = "<group>";
		};
		DADC0D892946761F00B490EE /* GameObjects */ = {
			isa = PBXGroup;
			children = (
				DADC0D8A2946764900B490EE /* GameObject+Canvas.swift */,
				DADC0D8C2946796900B490EE /* GameViewModel+Draw.swift */,
			);
			path = GameObjects;
			sourceTree = "<group>";
		};
		DADC0D902947D3E900B490EE /* Game logic */ = {
			isa = PBXGroup;
			children = (
				F56076B8297AEC2A009645F1 /* Game controller */,
				DADC0D912947D40600B490EE /* GameObject */,
				DADC0D772944D17100B490EE /* GameScore.swift */,
				DADC0D752944CBF000B490EE /* GameLogic.swift */,
				DA78AA14295B9B3C00B5B514 /* GameStateController.swift */,
			);
			path = "Game logic";
			sourceTree = "<group>";
		};
		DADC0D912947D40600B490EE /* GameObject */ = {
			isa = PBXGroup;
			children = (
				DADC0D792944D1AD00B490EE /* GameObject.swift */,
				DADC0D8E2947D3D700B490EE /* GameObject+Collisions.swift */,
				DADC0D92294854ED00B490EE /* Wall.swift */,
			);
			path = GameObject;
			sourceTree = "<group>";
		};
		F56076B3297AC4BC009645F1 /* Factory */ = {
			isa = PBXGroup;
			children = (
				F56076BC297AED2D009645F1 /* Factory.swift */,
				F56076BF297AED6D009645F1 /* Local */,
				F56076BE297AED3B009645F1 /* Group activity */,
			);
			path = Factory;
			sourceTree = "<group>";
		};
		F56076B8297AEC2A009645F1 /* Game controller */ = {
			isa = PBXGroup;
			children = (
				F56076B9297AEC4D009645F1 /* LocalGameController.swift */,
			);
			path = "Game controller";
			sourceTree = "<group>";
		};
		F56076BE297AED3B009645F1 /* Group activity */ = {
			isa = PBXGroup;
			children = (
				F56076B4297AC4D4009645F1 /* Factory+GroupActivity.swift */,
				F56076C3297AEE91009645F1 /* Factory+GroupActivityTest.swift */,
			);
			path = "Group activity";
			sourceTree = "<group>";
		};
		F56076BF297AED6D009645F1 /* Local */ = {
			isa = PBXGroup;
			children = (
				F56076C1297AEDB4009645F1 /* Factory+Local.swift */,
			);
			path = Local;
			sourceTree = "<group>";
		};
		F5D64C422976719A0066EAF5 /* Group Activity */ = {
			isa = PBXGroup;
			children = (
				F5D64C44297671BA0066EAF5 /* Mocks */,
				F5D64C43297671AF0066EAF5 /* Live */,
				F5BC0B752966F9980065AD62 /* Interfaces.swift */,
				DA41CF1E294EE44900CE7275 /* PongActivity.swift */,
			);
			path = "Group Activity";
			sourceTree = "<group>";
		};
		F5D64C43297671AF0066EAF5 /* Live */ = {
			isa = PBXGroup;
			children = (
				F5D64C47297672230066EAF5 /* GroupActivity+Live.swift */,
			);
			path = Live;
			sourceTree = "<group>";
		};
		F5D64C44297671BA0066EAF5 /* Mocks */ = {
			isa = PBXGroup;
			children = (
				F5D64C45297671F90066EAF5 /* GroupActivity+Mock.swift */,
			);
			path = Mocks;
			sourceTree = "<group>";
		};
		F5D64C4C297674A50066EAF5 /* GameView */ = {
			isa = PBXGroup;
			children = (
				DAD3AB22295EDC3D0000470C /* Group Activity */,
				DADC0D892946761F00B490EE /* GameObjects */,
				F5D64C4029766EBA0066EAF5 /* GameView.swift */,
				DAD3AB20295EDAFA0000470C /* JoinToPlayView.swift */,
			);
			path = GameView;
			sourceTree = "<group>";
		};
/* End PBXGroup section */

/* Begin PBXNativeTarget section */
		DA9F94802943D24900595940 /* Pong */ = {
			isa = PBXNativeTarget;
			buildConfigurationList = DA9F948F2943D24B00595940 /* Build configuration list for PBXNativeTarget "Pong" */;
			buildPhases = (
				DA9F947D2943D24900595940 /* Sources */,
				DA9F947E2943D24900595940 /* Frameworks */,
				DA9F947F2943D24900595940 /* Resources */,
			);
			buildRules = (
			);
			dependencies = (
			);
			name = Pong;
			productName = Pong;
			productReference = DA9F94812943D24900595940 /* Pong.app */;
			productType = "com.apple.product-type.application";
		};
/* End PBXNativeTarget section */

/* Begin PBXProject section */
		DA9F94792943D24900595940 /* Project object */ = {
			isa = PBXProject;
			attributes = {
				BuildIndependentTargetsInParallel = 1;
				LastSwiftUpdateCheck = 1410;
				LastUpgradeCheck = 1410;
				TargetAttributes = {
					DA9F94802943D24900595940 = {
						CreatedOnToolsVersion = 14.1;
					};
				};
			};
			buildConfigurationList = DA9F947C2943D24900595940 /* Build configuration list for PBXProject "Pong" */;
			compatibilityVersion = "Xcode 14.0";
			developmentRegion = en;
			hasScannedForEncodings = 0;
			knownRegions = (
				en,
				Base,
			);
			mainGroup = DA9F94782943D24900595940;
			productRefGroup = DA9F94822943D24900595940 /* Products */;
			projectDirPath = "";
			projectRoot = "";
			targets = (
				DA9F94802943D24900595940 /* Pong */,
			);
		};
/* End PBXProject section */

/* Begin PBXResourcesBuildPhase section */
		DA9F947F2943D24900595940 /* Resources */ = {
			isa = PBXResourcesBuildPhase;
			buildActionMask = 2147483647;
			files = (
				DA9F948C2943D24B00595940 /* Preview Assets.xcassets in Resources */,
				DA9F94892943D24B00595940 /* Assets.xcassets in Resources */,
			);
			runOnlyForDeploymentPostprocessing = 0;
		};
/* End PBXResourcesBuildPhase section */

/* Begin PBXSourcesBuildPhase section */
		DA9F947D2943D24900595940 /* Sources */ = {
			isa = PBXSourcesBuildPhase;
			buildActionMask = 2147483647;
			files = (
				DADC0D782944D17100B490EE /* GameScore.swift in Sources */,
				F5D64C46297671F90066EAF5 /* GroupActivity+Mock.swift in Sources */,
				DADC0D762944CBF000B490EE /* GameLogic.swift in Sources */,
				DA9F94872943D24900595940 /* GameViewGroupActivityTest.swift in Sources */,
				F5BC0B762966F9980065AD62 /* Interfaces.swift in Sources */,
				DADC0D93294854ED00B490EE /* Wall.swift in Sources */,
				F5D64C48297672230066EAF5 /* GroupActivity+Live.swift in Sources */,
				DADC0D8B2946764900B490EE /* GameObject+Canvas.swift in Sources */,
				DADC0D8429466EE500B490EE /* CGPoint+Arithmetic.swift in Sources */,
				DAD3AB24295EDC4C0000470C /* ActivitySharingViewController.swift in Sources */,
				DADC0D882946735800B490EE /* GameViewModel.swift in Sources */,
				DA9F94852943D24900595940 /* PongApp.swift in Sources */,
				DADC0D8F2947D3D700B490EE /* GameObject+Collisions.swift in Sources */,
				DA78AA15295B9B3C00B5B514 /* GameStateController.swift in Sources */,
				DADC0D8D2946796900B490EE /* GameViewModel+Draw.swift in Sources */,
				F5D64C4129766EBA0066EAF5 /* GameView.swift in Sources */,
				DA41CF1F294EE44900CE7275 /* PongActivity.swift in Sources */,
				F56076BA297AEC4D009645F1 /* LocalGameController.swift in Sources */,
				F56076C4297AEE91009645F1 /* Factory+GroupActivityTest.swift in Sources */,
				DAD4F05B2962449A00B88CC2 /* GameStateMessage.swift in Sources */,
				F56076C2297AEDB4009645F1 /* Factory+Local.swift in Sources */,
				F56076B5297AC4D4009645F1 /* Factory+GroupActivity.swift in Sources */,
				F5D64C4A297672F20066EAF5 /* GameUpdateMessage.swift in Sources */,
				DA41CF22294EE57100CE7275 /* PongActivityController.swift in Sources */,
				DAD3AB21295EDAFA0000470C /* JoinToPlayView.swift in Sources */,
				DADC0D7A2944D1AD00B490EE /* GameObject.swift in Sources */,
				F56076BD297AED2D009645F1 /* Factory.swift in Sources */,
			);
			runOnlyForDeploymentPostprocessing = 0;
		};
/* End PBXSourcesBuildPhase section */

/* Begin XCBuildConfiguration section */
		DA9F948D2943D24B00595940 /* Debug */ = {
			isa = XCBuildConfiguration;
			buildSettings = {
				ALWAYS_SEARCH_USER_PATHS = NO;
				CLANG_ANALYZER_NONNULL = YES;
				CLANG_ANALYZER_NUMBER_OBJECT_CONVERSION = YES_AGGRESSIVE;
				CLANG_CXX_LANGUAGE_STANDARD = "gnu++20";
				CLANG_ENABLE_MODULES = YES;
				CLANG_ENABLE_OBJC_ARC = YES;
				CLANG_ENABLE_OBJC_WEAK = YES;
				CLANG_WARN_BLOCK_CAPTURE_AUTORELEASING = YES;
				CLANG_WARN_BOOL_CONVERSION = YES;
				CLANG_WARN_COMMA = YES;
				CLANG_WARN_CONSTANT_CONVERSION = YES;
				CLANG_WARN_DEPRECATED_OBJC_IMPLEMENTATIONS = YES;
				CLANG_WARN_DIRECT_OBJC_ISA_USAGE = YES_ERROR;
				CLANG_WARN_DOCUMENTATION_COMMENTS = YES;
				CLANG_WARN_EMPTY_BODY = YES;
				CLANG_WARN_ENUM_CONVERSION = YES;
				CLANG_WARN_INFINITE_RECURSION = YES;
				CLANG_WARN_INT_CONVERSION = YES;
				CLANG_WARN_NON_LITERAL_NULL_CONVERSION = YES;
				CLANG_WARN_OBJC_IMPLICIT_RETAIN_SELF = YES;
				CLANG_WARN_OBJC_LITERAL_CONVERSION = YES;
				CLANG_WARN_OBJC_ROOT_CLASS = YES_ERROR;
				CLANG_WARN_QUOTED_INCLUDE_IN_FRAMEWORK_HEADER = YES;
				CLANG_WARN_RANGE_LOOP_ANALYSIS = YES;
				CLANG_WARN_STRICT_PROTOTYPES = YES;
				CLANG_WARN_SUSPICIOUS_MOVE = YES;
				CLANG_WARN_UNGUARDED_AVAILABILITY = YES_AGGRESSIVE;
				CLANG_WARN_UNREACHABLE_CODE = YES;
				CLANG_WARN__DUPLICATE_METHOD_MATCH = YES;
				COPY_PHASE_STRIP = NO;
				DEBUG_INFORMATION_FORMAT = dwarf;
				ENABLE_STRICT_OBJC_MSGSEND = YES;
				ENABLE_TESTABILITY = YES;
				GCC_C_LANGUAGE_STANDARD = gnu11;
				GCC_DYNAMIC_NO_PIC = NO;
				GCC_NO_COMMON_BLOCKS = YES;
				GCC_OPTIMIZATION_LEVEL = 0;
				GCC_PREPROCESSOR_DEFINITIONS = (
					"DEBUG=1",
					"$(inherited)",
				);
				GCC_WARN_64_TO_32_BIT_CONVERSION = YES;
				GCC_WARN_ABOUT_RETURN_TYPE = YES_ERROR;
				GCC_WARN_UNDECLARED_SELECTOR = YES;
				GCC_WARN_UNINITIALIZED_AUTOS = YES_AGGRESSIVE;
				GCC_WARN_UNUSED_FUNCTION = YES;
				GCC_WARN_UNUSED_VARIABLE = YES;
				IPHONEOS_DEPLOYMENT_TARGET = 16.1;
				MTL_ENABLE_DEBUG_INFO = INCLUDE_SOURCE;
				MTL_FAST_MATH = YES;
				ONLY_ACTIVE_ARCH = YES;
				SDKROOT = iphoneos;
				SWIFT_ACTIVE_COMPILATION_CONDITIONS = DEBUG;
				SWIFT_OPTIMIZATION_LEVEL = "-Onone";
			};
			name = Debug;
		};
		DA9F948E2943D24B00595940 /* Release */ = {
			isa = XCBuildConfiguration;
			buildSettings = {
				ALWAYS_SEARCH_USER_PATHS = NO;
				CLANG_ANALYZER_NONNULL = YES;
				CLANG_ANALYZER_NUMBER_OBJECT_CONVERSION = YES_AGGRESSIVE;
				CLANG_CXX_LANGUAGE_STANDARD = "gnu++20";
				CLANG_ENABLE_MODULES = YES;
				CLANG_ENABLE_OBJC_ARC = YES;
				CLANG_ENABLE_OBJC_WEAK = YES;
				CLANG_WARN_BLOCK_CAPTURE_AUTORELEASING = YES;
				CLANG_WARN_BOOL_CONVERSION = YES;
				CLANG_WARN_COMMA = YES;
				CLANG_WARN_CONSTANT_CONVERSION = YES;
				CLANG_WARN_DEPRECATED_OBJC_IMPLEMENTATIONS = YES;
				CLANG_WARN_DIRECT_OBJC_ISA_USAGE = YES_ERROR;
				CLANG_WARN_DOCUMENTATION_COMMENTS = YES;
				CLANG_WARN_EMPTY_BODY = YES;
				CLANG_WARN_ENUM_CONVERSION = YES;
				CLANG_WARN_INFINITE_RECURSION = YES;
				CLANG_WARN_INT_CONVERSION = YES;
				CLANG_WARN_NON_LITERAL_NULL_CONVERSION = YES;
				CLANG_WARN_OBJC_IMPLICIT_RETAIN_SELF = YES;
				CLANG_WARN_OBJC_LITERAL_CONVERSION = YES;
				CLANG_WARN_OBJC_ROOT_CLASS = YES_ERROR;
				CLANG_WARN_QUOTED_INCLUDE_IN_FRAMEWORK_HEADER = YES;
				CLANG_WARN_RANGE_LOOP_ANALYSIS = YES;
				CLANG_WARN_STRICT_PROTOTYPES = YES;
				CLANG_WARN_SUSPICIOUS_MOVE = YES;
				CLANG_WARN_UNGUARDED_AVAILABILITY = YES_AGGRESSIVE;
				CLANG_WARN_UNREACHABLE_CODE = YES;
				CLANG_WARN__DUPLICATE_METHOD_MATCH = YES;
				COPY_PHASE_STRIP = NO;
				DEBUG_INFORMATION_FORMAT = "dwarf-with-dsym";
				ENABLE_NS_ASSERTIONS = NO;
				ENABLE_STRICT_OBJC_MSGSEND = YES;
				GCC_C_LANGUAGE_STANDARD = gnu11;
				GCC_NO_COMMON_BLOCKS = YES;
				GCC_WARN_64_TO_32_BIT_CONVERSION = YES;
				GCC_WARN_ABOUT_RETURN_TYPE = YES_ERROR;
				GCC_WARN_UNDECLARED_SELECTOR = YES;
				GCC_WARN_UNINITIALIZED_AUTOS = YES_AGGRESSIVE;
				GCC_WARN_UNUSED_FUNCTION = YES;
				GCC_WARN_UNUSED_VARIABLE = YES;
				IPHONEOS_DEPLOYMENT_TARGET = 16.1;
				MTL_ENABLE_DEBUG_INFO = NO;
				MTL_FAST_MATH = YES;
				SDKROOT = iphoneos;
				SWIFT_COMPILATION_MODE = wholemodule;
				SWIFT_OPTIMIZATION_LEVEL = "-O";
				VALIDATE_PRODUCT = YES;
			};
			name = Release;
		};
		DA9F94902943D24B00595940 /* Debug */ = {
			isa = XCBuildConfiguration;
			buildSettings = {
				ASSETCATALOG_COMPILER_APPICON_NAME = AppIcon;
				ASSETCATALOG_COMPILER_GLOBAL_ACCENT_COLOR_NAME = AccentColor;
				CODE_SIGN_ENTITLEMENTS = Pong/Pong.entitlements;
				CODE_SIGN_STYLE = Automatic;
				CURRENT_PROJECT_VERSION = 1;
				DEVELOPMENT_ASSET_PATHS = "\"Pong/Preview Content\"";
				DEVELOPMENT_TEAM = 8B7VL5JHU3;
				ENABLE_PREVIEWS = YES;
				GENERATE_INFOPLIST_FILE = YES;
				INFOPLIST_KEY_UIApplicationSceneManifest_Generation = YES;
				INFOPLIST_KEY_UIApplicationSupportsIndirectInputEvents = YES;
				INFOPLIST_KEY_UILaunchScreen_Generation = YES;
				INFOPLIST_KEY_UISupportedInterfaceOrientations_iPad = "UIInterfaceOrientationPortrait UIInterfaceOrientationPortraitUpsideDown UIInterfaceOrientationLandscapeLeft UIInterfaceOrientationLandscapeRight";
				INFOPLIST_KEY_UISupportedInterfaceOrientations_iPhone = "UIInterfaceOrientationPortrait UIInterfaceOrientationLandscapeLeft UIInterfaceOrientationLandscapeRight";
				IPHONEOS_DEPLOYMENT_TARGET = 16.0;
				LD_RUNPATH_SEARCH_PATHS = (
					"$(inherited)",
					"@executable_path/Frameworks",
				);
				MARKETING_VERSION = 1.0;
				PRODUCT_BUNDLE_IDENTIFIER = com.lukasbahrle.Pong;
				PRODUCT_NAME = "$(TARGET_NAME)";
				SWIFT_EMIT_LOC_STRINGS = YES;
				SWIFT_VERSION = 5.0;
				TARGETED_DEVICE_FAMILY = "1,2";
			};
			name = Debug;
		};
		DA9F94912943D24B00595940 /* Release */ = {
			isa = XCBuildConfiguration;
			buildSettings = {
				ASSETCATALOG_COMPILER_APPICON_NAME = AppIcon;
				ASSETCATALOG_COMPILER_GLOBAL_ACCENT_COLOR_NAME = AccentColor;
				CODE_SIGN_ENTITLEMENTS = Pong/Pong.entitlements;
				CODE_SIGN_STYLE = Automatic;
				CURRENT_PROJECT_VERSION = 1;
				DEVELOPMENT_ASSET_PATHS = "\"Pong/Preview Content\"";
				DEVELOPMENT_TEAM = 8B7VL5JHU3;
				ENABLE_PREVIEWS = YES;
				GENERATE_INFOPLIST_FILE = YES;
				INFOPLIST_KEY_UIApplicationSceneManifest_Generation = YES;
				INFOPLIST_KEY_UIApplicationSupportsIndirectInputEvents = YES;
				INFOPLIST_KEY_UILaunchScreen_Generation = YES;
				INFOPLIST_KEY_UISupportedInterfaceOrientations_iPad = "UIInterfaceOrientationPortrait UIInterfaceOrientationPortraitUpsideDown UIInterfaceOrientationLandscapeLeft UIInterfaceOrientationLandscapeRight";
				INFOPLIST_KEY_UISupportedInterfaceOrientations_iPhone = "UIInterfaceOrientationPortrait UIInterfaceOrientationLandscapeLeft UIInterfaceOrientationLandscapeRight";
				IPHONEOS_DEPLOYMENT_TARGET = 16.0;
				LD_RUNPATH_SEARCH_PATHS = (
					"$(inherited)",
					"@executable_path/Frameworks",
				);
				MARKETING_VERSION = 1.0;
				PRODUCT_BUNDLE_IDENTIFIER = com.lukasbahrle.Pong;
				PRODUCT_NAME = "$(TARGET_NAME)";
				SWIFT_EMIT_LOC_STRINGS = YES;
				SWIFT_VERSION = 5.0;
				TARGETED_DEVICE_FAMILY = "1,2";
			};
			name = Release;
		};
/* End XCBuildConfiguration section */

/* Begin XCConfigurationList section */
		DA9F947C2943D24900595940 /* Build configuration list for PBXProject "Pong" */ = {
			isa = XCConfigurationList;
			buildConfigurations = (
				DA9F948D2943D24B00595940 /* Debug */,
				DA9F948E2943D24B00595940 /* Release */,
			);
			defaultConfigurationIsVisible = 0;
			defaultConfigurationName = Release;
		};
		DA9F948F2943D24B00595940 /* Build configuration list for PBXNativeTarget "Pong" */ = {
			isa = XCConfigurationList;
			buildConfigurations = (
				DA9F94902943D24B00595940 /* Debug */,
				DA9F94912943D24B00595940 /* Release */,
			);
			defaultConfigurationIsVisible = 0;
			defaultConfigurationName = Release;
		};
/* End XCConfigurationList section */
	};
	rootObject = DA9F94792943D24900595940 /* Project object */;
}
